// !$*UTF8*$!
{
	archiveVersion = 1;
	classes = {
	};
	objectVersion = 46;
	objects = {

/* Begin PBXBuildFile section */
		641AEE521B379964003582E1 /* CommonConfig.swift in Sources */ = {isa = PBXBuildFile; fileRef = 641AEE511B379964003582E1 /* CommonConfig.swift */; };
		646579341B2EB2BD005935E4 /* AppDelegate.swift in Sources */ = {isa = PBXBuildFile; fileRef = 646579331B2EB2BD005935E4 /* AppDelegate.swift */; };
		646579391B2EB2BD005935E4 /* Main.storyboard in Resources */ = {isa = PBXBuildFile; fileRef = 646579371B2EB2BD005935E4 /* Main.storyboard */; };
		6465793B1B2EB2BD005935E4 /* Images.xcassets in Resources */ = {isa = PBXBuildFile; fileRef = 6465793A1B2EB2BD005935E4 /* Images.xcassets */; };
		6465793E1B2EB2BD005935E4 /* LaunchScreen.xib in Resources */ = {isa = PBXBuildFile; fileRef = 6465793C1B2EB2BD005935E4 /* LaunchScreen.xib */; };
		6465794A1B2EB2BD005935E4 /* Swift_GestureUnlockTests.swift in Sources */ = {isa = PBXBuildFile; fileRef = 646579491B2EB2BD005935E4 /* Swift_GestureUnlockTests.swift */; };
		6465795B1B2EB4D7005935E4 /* Circle.swift in Sources */ = {isa = PBXBuildFile; fileRef = 6465795A1B2EB4D7005935E4 /* Circle.swift */; };
		6488707B1B2FC04B004D474F /* Unlock.swift in Sources */ = {isa = PBXBuildFile; fileRef = 6488707A1B2FC04B004D474F /* Unlock.swift */; };
		64A1313B1B32B75D00287E93 /* GestureUnlockViewController.swift in Sources */ = {isa = PBXBuildFile; fileRef = 64A131391B32B75D00287E93 /* GestureUnlockViewController.swift */; };
		64A1313C1B32B75D00287E93 /* UnlockInfo.swift in Sources */ = {isa = PBXBuildFile; fileRef = 64A1313A1B32B75D00287E93 /* UnlockInfo.swift */; };
		64A1313E1B32B85F00287E93 /* ViewController.swift in Sources */ = {isa = PBXBuildFile; fileRef = 64A1313D1B32B85F00287E93 /* ViewController.swift */; };
		64A131411B32D3AB00287E93 /* UnlockLabel.swift in Sources */ = {isa = PBXBuildFile; fileRef = 64A131401B32D3AB00287E93 /* UnlockLabel.swift */; };
/* End PBXBuildFile section */

/* Begin PBXContainerItemProxy section */
		646579441B2EB2BD005935E4 /* PBXContainerItemProxy */ = {
			isa = PBXContainerItemProxy;
			containerPortal = 646579261B2EB2BD005935E4 /* Project object */;
			proxyType = 1;
			remoteGlobalIDString = 6465792D1B2EB2BD005935E4;
			remoteInfo = "Swift-GestureUnlock";
		};
/* End PBXContainerItemProxy section */

/* Begin PBXFileReference section */
		641AEE511B379964003582E1 /* CommonConfig.swift */ = {isa = PBXFileReference; fileEncoding = 4; lastKnownFileType = sourcecode.swift; name = CommonConfig.swift; path = CircleView/CommonConfig.swift; sourceTree = "<group>"; };
		6465792E1B2EB2BD005935E4 /* Swift-GestureUnlock.app */ = {isa = PBXFileReference; explicitFileType = wrapper.application; includeInIndex = 0; path = "Swift-GestureUnlock.app"; sourceTree = BUILT_PRODUCTS_DIR; };
		646579321B2EB2BD005935E4 /* Info.plist */ = {isa = PBXFileReference; lastKnownFileType = text.plist.xml; path = Info.plist; sourceTree = "<group>"; };
		646579331B2EB2BD005935E4 /* AppDelegate.swift */ = {isa = PBXFileReference; lastKnownFileType = sourcecode.swift; path = AppDelegate.swift; sourceTree = "<group>"; };
		646579381B2EB2BD005935E4 /* Base */ = {isa = PBXFileReference; lastKnownFileType = file.storyboard; name = Base; path = Base.lproj/Main.storyboard; sourceTree = "<group>"; };
		6465793A1B2EB2BD005935E4 /* Images.xcassets */ = {isa = PBXFileReference; lastKnownFileType = folder.assetcatalog; path = Images.xcassets; sourceTree = "<group>"; };
		6465793D1B2EB2BD005935E4 /* Base */ = {isa = PBXFileReference; lastKnownFileType = file.xib; name = Base; path = Base.lproj/LaunchScreen.xib; sourceTree = "<group>"; };
		646579431B2EB2BD005935E4 /* Swift-GestureUnlockTests.xctest */ = {isa = PBXFileReference; explicitFileType = wrapper.cfbundle; includeInIndex = 0; path = "Swift-GestureUnlockTests.xctest"; sourceTree = BUILT_PRODUCTS_DIR; };
		646579481B2EB2BD005935E4 /* Info.plist */ = {isa = PBXFileReference; lastKnownFileType = text.plist.xml; path = Info.plist; sourceTree = "<group>"; };
		646579491B2EB2BD005935E4 /* Swift_GestureUnlockTests.swift */ = {isa = PBXFileReference; lastKnownFileType = sourcecode.swift; path = Swift_GestureUnlockTests.swift; sourceTree = "<group>"; };
		6465795A1B2EB4D7005935E4 /* Circle.swift */ = {isa = PBXFileReference; fileEncoding = 4; lastKnownFileType = sourcecode.swift; name = Circle.swift; path = CircleView/Circle.swift; sourceTree = "<group>"; };
		6488707A1B2FC04B004D474F /* Unlock.swift */ = {isa = PBXFileReference; fileEncoding = 4; lastKnownFileType = sourcecode.swift; name = Unlock.swift; path = CircleView/Unlock.swift; sourceTree = "<group>"; };
		64A131391B32B75D00287E93 /* GestureUnlockViewController.swift */ = {isa = PBXFileReference; fileEncoding = 4; lastKnownFileType = sourcecode.swift; name = GestureUnlockViewController.swift; path = CircleView/GestureUnlockViewController.swift; sourceTree = "<group>"; };
		64A1313A1B32B75D00287E93 /* UnlockInfo.swift */ = {isa = PBXFileReference; fileEncoding = 4; lastKnownFileType = sourcecode.swift; name = UnlockInfo.swift; path = CircleView/UnlockInfo.swift; sourceTree = "<group>"; };
		64A1313D1B32B85F00287E93 /* ViewController.swift */ = {isa = PBXFileReference; fileEncoding = 4; lastKnownFileType = sourcecode.swift; path = ViewController.swift; sourceTree = "<group>"; };
		64A1313F1B32C45300287E93 /* MyPlayground.playground */ = {isa = PBXFileReference; lastKnownFileType = file.playground; path = MyPlayground.playground; sourceTree = "<group>"; };
		64A131401B32D3AB00287E93 /* UnlockLabel.swift */ = {isa = PBXFileReference; fileEncoding = 4; lastKnownFileType = sourcecode.swift; name = UnlockLabel.swift; path = CircleView/UnlockLabel.swift; sourceTree = "<group>"; };
/* End PBXFileReference section */

/* Begin PBXFrameworksBuildPhase section */
		6465792B1B2EB2BD005935E4 /* Frameworks */ = {
			isa = PBXFrameworksBuildPhase;
			buildActionMask = 2147483647;
			files = (
			);
			runOnlyForDeploymentPostprocessing = 0;
		};
		646579401B2EB2BD005935E4 /* Frameworks */ = {
			isa = PBXFrameworksBuildPhase;
			buildActionMask = 2147483647;
			files = (
			);
			runOnlyForDeploymentPostprocessing = 0;
		};
/* End PBXFrameworksBuildPhase section */

/* Begin PBXGroup section */
		646579251B2EB2BD005935E4 = {
			isa = PBXGroup;
			children = (
				64A1313F1B32C45300287E93 /* MyPlayground.playground */,
				646579531B2EB301005935E4 /* CircleView */,
				646579301B2EB2BD005935E4 /* Swift-GestureUnlock */,
				646579461B2EB2BD005935E4 /* Swift-GestureUnlockTests */,
				6465792F1B2EB2BD005935E4 /* Products */,
			);
			sourceTree = "<group>";
		};
		6465792F1B2EB2BD005935E4 /* Products */ = {
			isa = PBXGroup;
			children = (
				6465792E1B2EB2BD005935E4 /* Swift-GestureUnlock.app */,
				646579431B2EB2BD005935E4 /* Swift-GestureUnlockTests.xctest */,
			);
			name = Products;
			sourceTree = "<group>";
		};
		646579301B2EB2BD005935E4 /* Swift-GestureUnlock */ = {
			isa = PBXGroup;
			children = (
				64A1313D1B32B85F00287E93 /* ViewController.swift */,
				646579331B2EB2BD005935E4 /* AppDelegate.swift */,
				646579371B2EB2BD005935E4 /* Main.storyboard */,
				6465793A1B2EB2BD005935E4 /* Images.xcassets */,
				6465793C1B2EB2BD005935E4 /* LaunchScreen.xib */,
				646579311B2EB2BD005935E4 /* Supporting Files */,
			);
			path = "Swift-GestureUnlock";
			sourceTree = "<group>";
		};
		646579311B2EB2BD005935E4 /* Supporting Files */ = {
			isa = PBXGroup;
			children = (
				646579321B2EB2BD005935E4 /* Info.plist */,
			);
			name = "Supporting Files";
			sourceTree = "<group>";
		};
		646579461B2EB2BD005935E4 /* Swift-GestureUnlockTests */ = {
			isa = PBXGroup;
			children = (
				646579491B2EB2BD005935E4 /* Swift_GestureUnlockTests.swift */,
				646579471B2EB2BD005935E4 /* Supporting Files */,
			);
			path = "Swift-GestureUnlockTests";
			sourceTree = "<group>";
		};
		646579471B2EB2BD005935E4 /* Supporting Files */ = {
			isa = PBXGroup;
			children = (
				646579481B2EB2BD005935E4 /* Info.plist */,
			);
			name = "Supporting Files";
			sourceTree = "<group>";
		};
		646579531B2EB301005935E4 /* CircleView */ = {
			isa = PBXGroup;
			children = (
				64A131391B32B75D00287E93 /* GestureUnlockViewController.swift */,
				64A1313A1B32B75D00287E93 /* UnlockInfo.swift */,
				6465795A1B2EB4D7005935E4 /* Circle.swift */,
				6488707A1B2FC04B004D474F /* Unlock.swift */,
				64A131401B32D3AB00287E93 /* UnlockLabel.swift */,
				641AEE511B379964003582E1 /* CommonConfig.swift */,
			);
			name = CircleView;
			sourceTree = "<group>";
		};
/* End PBXGroup section */

/* Begin PBXNativeTarget section */
		6465792D1B2EB2BD005935E4 /* Swift-GestureUnlock */ = {
			isa = PBXNativeTarget;
			buildConfigurationList = 6465794D1B2EB2BD005935E4 /* Build configuration list for PBXNativeTarget "Swift-GestureUnlock" */;
			buildPhases = (
				6465792A1B2EB2BD005935E4 /* Sources */,
				6465792B1B2EB2BD005935E4 /* Frameworks */,
				6465792C1B2EB2BD005935E4 /* Resources */,
			);
			buildRules = (
			);
			dependencies = (
			);
			name = "Swift-GestureUnlock";
			productName = "Swift-GestureUnlock";
			productReference = 6465792E1B2EB2BD005935E4 /* Swift-GestureUnlock.app */;
			productType = "com.apple.product-type.application";
		};
		646579421B2EB2BD005935E4 /* Swift-GestureUnlockTests */ = {
			isa = PBXNativeTarget;
			buildConfigurationList = 646579501B2EB2BD005935E4 /* Build configuration list for PBXNativeTarget "Swift-GestureUnlockTests" */;
			buildPhases = (
				6465793F1B2EB2BD005935E4 /* Sources */,
				646579401B2EB2BD005935E4 /* Frameworks */,
				646579411B2EB2BD005935E4 /* Resources */,
			);
			buildRules = (
			);
			dependencies = (
				646579451B2EB2BD005935E4 /* PBXTargetDependency */,
			);
			name = "Swift-GestureUnlockTests";
			productName = "Swift-GestureUnlockTests";
			productReference = 646579431B2EB2BD005935E4 /* Swift-GestureUnlockTests.xctest */;
			productType = "com.apple.product-type.bundle.unit-test";
		};
/* End PBXNativeTarget section */

/* Begin PBXProject section */
		646579261B2EB2BD005935E4 /* Project object */ = {
			isa = PBXProject;
			attributes = {
				LastSwiftMigration = 0720;
				LastSwiftUpdateCheck = 0720;
				LastUpgradeCheck = 0720;
				ORGANIZATIONNAME = csj;
				TargetAttributes = {
					6465792D1B2EB2BD005935E4 = {
						CreatedOnToolsVersion = 6.3.1;
					};
					646579421B2EB2BD005935E4 = {
						CreatedOnToolsVersion = 6.3.1;
						TestTargetID = 6465792D1B2EB2BD005935E4;
					};
				};
			};
			buildConfigurationList = 646579291B2EB2BD005935E4 /* Build configuration list for PBXProject "Swift-GestureUnlock" */;
			compatibilityVersion = "Xcode 3.2";
			developmentRegion = English;
			hasScannedForEncodings = 0;
			knownRegions = (
				en,
				Base,
			);
			mainGroup = 646579251B2EB2BD005935E4;
			productRefGroup = 6465792F1B2EB2BD005935E4 /* Products */;
			projectDirPath = "";
			projectRoot = "";
			targets = (
				6465792D1B2EB2BD005935E4 /* Swift-GestureUnlock */,
				646579421B2EB2BD005935E4 /* Swift-GestureUnlockTests */,
			);
		};
/* End PBXProject section */

/* Begin PBXResourcesBuildPhase section */
		6465792C1B2EB2BD005935E4 /* Resources */ = {
			isa = PBXResourcesBuildPhase;
			buildActionMask = 2147483647;
			files = (
				646579391B2EB2BD005935E4 /* Main.storyboard in Resources */,
				6465793E1B2EB2BD005935E4 /* LaunchScreen.xib in Resources */,
				6465793B1B2EB2BD005935E4 /* Images.xcassets in Resources */,
			);
			runOnlyForDeploymentPostprocessing = 0;
		};
		646579411B2EB2BD005935E4 /* Resources */ = {
			isa = PBXResourcesBuildPhase;
			buildActionMask = 2147483647;
			files = (
			);
			runOnlyForDeploymentPostprocessing = 0;
		};
/* End PBXResourcesBuildPhase section */

/* Begin PBXSourcesBuildPhase section */
		6465792A1B2EB2BD005935E4 /* Sources */ = {
			isa = PBXSourcesBuildPhase;
			buildActionMask = 2147483647;
			files = (
				641AEE521B379964003582E1 /* CommonConfig.swift in Sources */,
				64A1313E1B32B85F00287E93 /* ViewController.swift in Sources */,
				6465795B1B2EB4D7005935E4 /* Circle.swift in Sources */,
				64A1313C1B32B75D00287E93 /* UnlockInfo.swift in Sources */,
				64A1313B1B32B75D00287E93 /* GestureUnlockViewController.swift in Sources */,
				646579341B2EB2BD005935E4 /* AppDelegate.swift in Sources */,
				6488707B1B2FC04B004D474F /* Unlock.swift in Sources */,
				64A131411B32D3AB00287E93 /* UnlockLabel.swift in Sources */,
			);
			runOnlyForDeploymentPostprocessing = 0;
		};
		6465793F1B2EB2BD005935E4 /* Sources */ = {
			isa = PBXSourcesBuildPhase;
			buildActionMask = 2147483647;
			files = (
				6465794A1B2EB2BD005935E4 /* Swift_GestureUnlockTests.swift in Sources */,
			);
			runOnlyForDeploymentPostprocessing = 0;
		};
/* End PBXSourcesBuildPhase section */

/* Begin PBXTargetDependency section */
		646579451B2EB2BD005935E4 /* PBXTargetDependency */ = {
			isa = PBXTargetDependency;
			target = 6465792D1B2EB2BD005935E4 /* Swift-GestureUnlock */;
			targetProxy = 646579441B2EB2BD005935E4 /* PBXContainerItemProxy */;
		};
/* End PBXTargetDependency section */

/* Begin PBXVariantGroup section */
		646579371B2EB2BD005935E4 /* Main.storyboard */ = {
			isa = PBXVariantGroup;
			children = (
				646579381B2EB2BD005935E4 /* Base */,
			);
			name = Main.storyboard;
			sourceTree = "<group>";
		};
		6465793C1B2EB2BD005935E4 /* LaunchScreen.xib */ = {
			isa = PBXVariantGroup;
			children = (
				6465793D1B2EB2BD005935E4 /* Base */,
			);
			name = LaunchScreen.xib;
			sourceTree = "<group>";
		};
/* End PBXVariantGroup section */

/* Begin XCBuildConfiguration section */
		6465794B1B2EB2BD005935E4 /* Debug */ = {
			isa = XCBuildConfiguration;
			buildSettings = {
				ALWAYS_SEARCH_USER_PATHS = NO;
				CLANG_CXX_LANGUAGE_STANDARD = "gnu++0x";
				CLANG_CXX_LIBRARY = "libc++";
				CLANG_ENABLE_MODULES = YES;
				CLANG_ENABLE_OBJC_ARC = YES;
				CLANG_WARN_BOOL_CONVERSION = YES;
				CLANG_WARN_CONSTANT_CONVERSION = YES;
				CLANG_WARN_DIRECT_OBJC_ISA_USAGE = YES_ERROR;
				CLANG_WARN_EMPTY_BODY = YES;
				CLANG_WARN_ENUM_CONVERSION = YES;
				CLANG_WARN_INT_CONVERSION = YES;
				CLANG_WARN_OBJC_ROOT_CLASS = YES_ERROR;
				CLANG_WARN_UNREACHABLE_CODE = YES;
				CLANG_WARN__DUPLICATE_METHOD_MATCH = YES;
				"CODE_SIGN_IDENTITY[sdk=iphoneos*]" = "iPhone Developer";
				COPY_PHASE_STRIP = NO;
				DEBUG_INFORMATION_FORMAT = "dwarf-with-dsym";
				ENABLE_STRICT_OBJC_MSGSEND = YES;
				ENABLE_TESTABILITY = YES;
				GCC_C_LANGUAGE_STANDARD = gnu99;
				GCC_DYNAMIC_NO_PIC = NO;
				GCC_NO_COMMON_BLOCKS = YES;
				GCC_OPTIMIZATION_LEVEL = 0;
				GCC_PREPROCESSOR_DEFINITIONS = (
					"DEBUG=1",
					"$(inherited)",
				);
				GCC_SYMBOLS_PRIVATE_EXTERN = NO;
				GCC_WARN_64_TO_32_BIT_CONVERSION = YES;
				GCC_WARN_ABOUT_RETURN_TYPE = YES_ERROR;
				GCC_WARN_UNDECLARED_SELECTOR = YES;
				GCC_WARN_UNINITIALIZED_AUTOS = YES_AGGRESSIVE;
				GCC_WARN_UNUSED_FUNCTION = YES;
				GCC_WARN_UNUSED_VARIABLE = YES;
				IPHONEOS_DEPLOYMENT_TARGET = 8.3;
				MTL_ENABLE_DEBUG_INFO = YES;
				ONLY_ACTIVE_ARCH = YES;
				SDKROOT = iphoneos;
				SWIFT_OPTIMIZATION_LEVEL = "-Onone";
			};
			name = Debug;
		};
		6465794C1B2EB2BD005935E4 /* Release */ = {
			isa = XCBuildConfiguration;
			buildSettings = {
				ALWAYS_SEARCH_USER_PATHS = NO;
				CLANG_CXX_LANGUAGE_STANDARD = "gnu++0x";
				CLANG_CXX_LIBRARY = "libc++";
				CLANG_ENABLE_MODULES = YES;
				CLANG_ENABLE_OBJC_ARC = YES;
				CLANG_WARN_BOOL_CONVERSION = YES;
				CLANG_WARN_CONSTANT_CONVERSION = YES;
				CLANG_WARN_DIRECT_OBJC_ISA_USAGE = YES_ERROR;
				CLANG_WARN_EMPTY_BODY = YES;
				CLANG_WARN_ENUM_CONVERSION = YES;
				CLANG_WARN_INT_CONVERSION = YES;
				CLANG_WARN_OBJC_ROOT_CLASS = YES_ERROR;
				CLANG_WARN_UNREACHABLE_CODE = YES;
				CLANG_WARN__DUPLICATE_METHOD_MATCH = YES;
				"CODE_SIGN_IDENTITY[sdk=iphoneos*]" = "iPhone Developer";
				COPY_PHASE_STRIP = NO;
				DEBUG_INFORMATION_FORMAT = "dwarf-with-dsym";
				ENABLE_NS_ASSERTIONS = NO;
				ENABLE_STRICT_OBJC_MSGSEND = YES;
				GCC_C_LANGUAGE_STANDARD = gnu99;
				GCC_NO_COMMON_BLOCKS = YES;
				GCC_WARN_64_TO_32_BIT_CONVERSION = YES;
				GCC_WARN_ABOUT_RETURN_TYPE = YES_ERROR;
				GCC_WARN_UNDECLARED_SELECTOR = YES;
				GCC_WARN_UNINITIALIZED_AUTOS = YES_AGGRESSIVE;
				GCC_WARN_UNUSED_FUNCTION = YES;
				GCC_WARN_UNUSED_VARIABLE = YES;
				IPHONEOS_DEPLOYMENT_TARGET = 8.3;
				MTL_ENABLE_DEBUG_INFO = NO;
				SDKROOT = iphoneos;
				VALIDATE_PRODUCT = YES;
			};
			name = Release;
		};
		6465794E1B2EB2BD005935E4 /* Debug */ = {
			isa = XCBuildConfiguration;
			buildSettings = {
				ASSETCATALOG_COMPILER_APPICON_NAME = AppIcon;
				INFOPLIST_FILE = "Swift-GestureUnlock/Info.plist";
				LD_RUNPATH_SEARCH_PATHS = "$(inherited) @executable_path/Frameworks";
				PRODUCT_BUNDLE_IDENTIFIER = "com.at.bjtu.$(PRODUCT_NAME:rfc1034identifier)";
				PRODUCT_NAME = "$(TARGET_NAME)";
			};
			name = Debug;
		};
		6465794F1B2EB2BD005935E4 /* Release */ = {
			isa = XCBuildConfiguration;
			buildSettings = {
				ASSETCATALOG_COMPILER_APPICON_NAME = AppIcon;
				INFOPLIST_FILE = "Swift-GestureUnlock/Info.plist";
				LD_RUNPATH_SEARCH_PATHS = "$(inherited) @executable_path/Frameworks";
				PRODUCT_BUNDLE_IDENTIFIER = "com.at.bjtu.$(PRODUCT_NAME:rfc1034identifier)";
				PRODUCT_NAME = "$(TARGET_NAME)";
			};
			name = Release;
		};
		646579511B2EB2BD005935E4 /* Debug */ = {
			isa = XCBuildConfiguration;
			buildSettings = {
				BUNDLE_LOADER = "$(TEST_HOST)";
				FRAMEWORK_SEARCH_PATHS = (
					"$(SDKROOT)/Developer/Library/Frameworks",
					"$(inherited)",
				);
				GCC_PREPROCESSOR_DEFINITIONS = (
					"DEBUG=1",
					"$(inherited)",
				);
				INFOPLIST_FILE = "Swift-GestureUnlockTests/Info.plist";
				LD_RUNPATH_SEARCH_PATHS = "$(inherited) @executable_path/Frameworks @loader_path/Frameworks";
				PRODUCT_BUNDLE_IDENTIFIER = "com.at.bjtu.$(PRODUCT_NAME:rfc1034identifier)";
				PRODUCT_NAME = "$(TARGET_NAME)";
				TEST_HOST = "$(BUILT_PRODUCTS_DIR)/Swift-GestureUnlock.app/Swift-GestureUnlock";
			};
			name = Debug;
		};
		646579521B2EB2BD005935E4 /* Release */ = {
			isa = XCBuildConfiguration;
			buildSettings = {
				BUNDLE_LOADER = "$(TEST_HOST)";
				FRAMEWORK_SEARCH_PATHS = (
					"$(SDKROOT)/Developer/Library/Frameworks",
					"$(inherited)",
				);
				INFOPLIST_FILE = "Swift-GestureUnlockTests/Info.plist";
				LD_RUNPATH_SEARCH_PATHS = "$(inherited) @executable_path/Frameworks @loader_path/Frameworks";
				PRODUCT_BUNDLE_IDENTIFIER = "com.at.bjtu.$(PRODUCT_NAME:rfc1034identifier)";
				PRODUCT_NAME = "$(TARGET_NAME)";
				TEST_HOST = "$(BUILT_PRODUCTS_DIR)/Swift-GestureUnlock.app/Swift-GestureUnlock";
			};
			name = Release;
		};
/* End XCBuildConfiguration section */

/* Begin XCConfigurationList section */
		646579291B2EB2BD005935E4 /* Build configuration list for PBXProject "Swift-GestureUnlock" */ = {
			isa = XCConfigurationList;
			buildConfigurations = (
				6465794B1B2EB2BD005935E4 /* Debug */,
				6465794C1B2EB2BD005935E4 /* Release */,
			);
			defaultConfigurationIsVisible = 0;
			defaultConfigurationName = Release;
		};
		6465794D1B2EB2BD005935E4 /* Build configuration list for PBXNativeTarget "Swift-GestureUnlock" */ = {
			isa = XCConfigurationList;
			buildConfigurations = (
				6465794E1B2EB2BD005935E4 /* Debug */,
				6465794F1B2EB2BD005935E4 /* Release */,
			);
			defaultConfigurationIsVisible = 0;
			defaultConfigurationName = Release;
		};
		646579501B2EB2BD005935E4 /* Build configuration list for PBXNativeTarget "Swift-GestureUnlockTests" */ = {
			isa = XCConfigurationList;
			buildConfigurations = (
				646579511B2EB2BD005935E4 /* Debug */,
				646579521B2EB2BD005935E4 /* Release */,
			);
			defaultConfigurationIsVisible = 0;
			defaultConfigurationName = Release;
		};
/* End XCConfigurationList section */
	};
	rootObject = 646579261B2EB2BD005935E4 /* Project object */;
}
